# This file is automatically @generated by Cargo.
# It is not intended for manual editing.
version = 3

[[package]]
name = "jsonrpsee"
version = "0.16.2"
source = "registry+https://github.com/rust-lang/crates.io-index"
checksum = "7d291e3a5818a2384645fd9756362e6d89cf0541b0b916fa7702ea4a9833608e"

[[package]]
name = "portfolio"
version = "0.1.0"
dependencies = [
 "jsonrpsee",
]
