{
  "name": "socker-js",
  "version": "1.0.0",
  "lockfileVersion": 3,
  "requires": true,
  "packages": {
    "": {
      "name": "socker-js",
      "version": "1.0.0",
      "license": "MIT",
      "dependencies": {
        "transparent-proxy": "^1.12.0"
      }
    },
    "node_modules/transparent-proxy": {
      "version": "1.12.0",
      "resolved": "https://registry.npmjs.org/transparent-proxy/-/transparent-proxy-1.12.0.tgz",
      "integrity": "sha512-v9EOj6rYOuKz6UlIDK+yjachESDXIykOPcngiR9M6dT7Q2IsunSH3qvCZz+maAD3EyvW25fnlHPUhzFXchoMfA=="
    }
  }
}
