# THIS IS AN AUTOGENERATED FILE. DO NOT EDIT THIS FILE DIRECTLY.
# yarn lockfile v1


konsta@^1.0.2:
  version "1.0.2"
  resolved "https://registry.yarnpkg.com/konsta/-/konsta-1.0.2.tgz#ff192145625d9af674889e70fe982ceef02ca535"
  integrity sha512-EIi/u6HDgGy9Vbi0a2AUtsQo4qN8l1ZZWyJs/D18MjVUnVxqX7Od9O8odO+XCIzZd1djeUmxfH6frDW71UvyhQ==
